{
  "name": "jamesmunro.github.io",
  "lockfileVersion": 3,
  "requires": true,
  "packages": {
    "": {
      "name": "jamesmunro.github.io",
      "devDependencies": {
        "@11ty/eleventy": "^2.0.1"
      }
    }
  },
  "dependencies": {
    "@11ty/eleventy": {
      "version": "2.0.1",
      "dev": true
    }
  }
}
